<?xml version="1.0" encoding="utf-8"?>
<Project ToolsVersion="4.0" xmlns="http://schemas.microsoft.com/developer/msbuild/2003">
  <ItemGroup>
    <Filter Include="Resource Files">
      <UniqueIdentifier>{67DA6AB6-F800-4c08-8B7A-83BB121AAD01}</UniqueIdentifier>
      <Extensions>rc;ico;cur;bmp;dlg;rc2;rct;bin;rgs;gif;jpg;jpeg;jpe;resx;tiff;tif;png;wav;mfcribbon-ms</Extensions>
    </Filter>
    <Filter Include=".build">
      <UniqueIdentifier>{03679fee-0dad-4bf9-b17a-015ca495ea11}</UniqueIdentifier>
    </Filter>
    <Filter Include="Internal Header Files">
      <UniqueIdentifier>{aff1cfc5-5b7f-4af2-825b-1df9af65d3d0}</UniqueIdentifier>
    </Filter>
    <Filter Include="Export Header Files">
      <UniqueIdentifier>{93995380-89BD-4b04-88EB-625FBE52EBFB}</UniqueIdentifier>
      <Extensions>h;hh;hpp;hxx;hm;inl;inc;ipp;xsd</Extensions>
    </Filter>
    <Filter Include="Source Files">
      <UniqueIdentifier>{fd0071e5-694f-410c-834b-ad6730bcc6c1}</UniqueIdentifier>
    </Filter>
    <Filter Include="Source Files\net">
      <UniqueIdentifier>{64ad05ad-8f63-49ae-9b8c-b1c3beaaa3b8}</UniqueIdentifier>
    </Filter>
    <Filter Include="Source Files\sys">
      <UniqueIdentifier>{4de95534-bedd-4b36-9941-c0bfcaa891f2}</UniqueIdentifier>
    </Filter>
    <Filter Include="Source Files\type">
      <UniqueIdentifier>{7d802da2-f962-4836-a68e-20c850262266}</UniqueIdentifier>
    </Filter>
    <Filter Include="Source Files\util">
      <UniqueIdentifier>{4d393d24-91dd-4bf0-a024-adab5e47a8dd}</UniqueIdentifier>
    </Filter>
    <Filter Include="Export Header Files\net">
      <UniqueIdentifier>{273ad065-414d-438b-ac28-5fe50cee713c}</UniqueIdentifier>
    </Filter>
    <Filter Include="Export Header Files\sys">
      <UniqueIdentifier>{8913f5fd-7f53-42a3-a678-9ddb63bba340}</UniqueIdentifier>
    </Filter>
    <Filter Include="Export Header Files\type">
      <UniqueIdentifier>{52169b50-9423-4240-9749-bc98d3eb231e}</UniqueIdentifier>
    </Filter>
    <Filter Include="Export Header Files\util">
      <UniqueIdentifier>{132215ac-2d80-4fd5-84f6-462155f017ae}</UniqueIdentifier>
    </Filter>
    <Filter Include="Export Header Files\io">
      <UniqueIdentifier>{50c57839-56d0-4624-b950-3b823eaf9ea4}</UniqueIdentifier>
    </Filter>
  </ItemGroup>
  <ItemGroup>
    <ClInclude Include="framework\config.h">
      <Filter>.build</Filter>
    </ClInclude>
    <ClInclude Include="include\carbonx\net\inet.h">
      <Filter>Export Header Files\net</Filter>
    </ClInclude>
    <ClInclude Include="include\carbonx\net\inet-types.h">
      <Filter>Export Header Files\net</Filter>
    </ClInclude>
    <ClInclude Include="include\carbonx\net\socket.h">
      <Filter>Export Header Files\net</Filter>
    </ClInclude>
    <ClInclude Include="include\carbonx\net\sockets.h">
      <Filter>Export Header Files\net</Filter>
    </ClInclude>
    <ClInclude Include="include\carbonx\type\bool.h">
      <Filter>Export Header Files\type</Filter>
    </ClInclude>
    <ClInclude Include="include\carbonx\type\byte.h">
      <Filter>Export Header Files\type</Filter>
    </ClInclude>
    <ClInclude Include="include\carbonx\type\char.h">
      <Filter>Export Header Files\type</Filter>
    </ClInclude>
    <ClInclude Include="include\carbonx\type\double.h">
      <Filter>Export Header Files\type</Filter>
    </ClInclude>
    <ClInclude Include="include\carbonx\type\float.h">
      <Filter>Export Header Files\type</Filter>
    </ClInclude>
    <ClInclude Include="include\carbonx\type\int.h">
      <Filter>Export Header Files\type</Filter>
    </ClInclude>
    <ClInclude Include="include\carbonx\type\long.h">
      <Filter>Export Header Files\type</Filter>
    </ClInclude>
    <ClInclude Include="include\carbonx\type\primitives.h">
      <Filter>Export Header Files\type</Filter>
    </ClInclude>
    <ClInclude Include="include\carbonx\type\short.h">
      <Filter>Export Header Files\type</Filter>
    </ClInclude>
    <ClInclude Include="include\carbonx\type\string.h">
      <Filter>Export Header Files\type</Filter>
    </ClInclude>
    <ClInclude Include="include\carbonx\type\tchar.h">
      <Filter>Export Header Files\type</Filter>
    </ClInclude>
    <ClInclude Include="include\carbonx\type\wchar.h">
      <Filter>Export Header Files\type</Filter>
    </ClInclude>
    <ClInclude Include="include\carbonx\util\charset.h">
      <Filter>Export Header Files\util</Filter>
    </ClInclude>
    <ClInclude Include="include\carbonx\net\inet-utils.h">
      <Filter>Export Header Files\net</Filter>
    </ClInclude>
    <ClInclude Include="include\carbonx\util\memory.h">
      <Filter>Export Header Files\util</Filter>
    </ClInclude>
    <ClInclude Include="include\carbonx\io\iobase.h">
      <Filter>Export Header Files\io</Filter>
    </ClInclude>
    <ClInclude Include="include\carbonx\sys\path.h">
      <Filter>Export Header Files\sys</Filter>
    </ClInclude>
    <ClInclude Include="include\carbonx\sys\paths.h">
      <Filter>Export Header Files\sys</Filter>
    </ClInclude>
    <ClInclude Include="include\carbonx\sys\process.h">
      <Filter>Export Header Files\sys</Filter>
    </ClInclude>
    <ClInclude Include="include\carbonx\sys\file.h">
      <Filter>Export Header Files\sys</Filter>
    </ClInclude>
    <ClInclude Include="include\carbonx\sys\filesystem.h">
      <Filter>Export Header Files\sys</Filter>
    </ClInclude>
    <ClInclude Include="include\carbonx\sys\thread.h">
      <Filter>Export Header Files\sys</Filter>
    </ClInclude>
    <ClInclude Include="include\carbonx\util\concurrency.h">
      <Filter>Export Header Files\util</Filter>
    </ClInclude>
    <ClInclude Include="include\carbon">
      <Filter>Export Header Files</Filter>
    </ClInclude>
    <ClInclude Include="include\carbonx\cbevo.h">
      <Filter>Export Header Files</Filter>
    </ClInclude>
    <ClInclude Include="include\carbonx\cbevobase.h">
      <Filter>Export Header Files</Filter>
    </ClInclude>
    <ClInclude Include="include\carbonx\sys\directories.h">
      <Filter>Export Header Files\sys</Filter>
    </ClInclude>
    <ClInclude Include="include\carbonx\net\socket-channel.h">
      <Filter>Export Header Files\net</Filter>
    </ClInclude>
    <ClInclude Include="include\carbonx\net\socketbase.h">
      <Filter>Export Header Files\net</Filter>
    </ClInclude>
  </ItemGroup>
  <ItemGroup>
    <ClCompile Include="framework\win32\socket_nt.cpp">
      <Filter>Source Files\net</Filter>
    </ClCompile>
    <ClCompile Include="framework\win32\sockets.cpp">
      <Filter>Source Files\net</Filter>
    </ClCompile>
    <ClCompile Include="framework\universal\string.cpp">
      <Filter>Source Files\type</Filter>
    </ClCompile>
    <ClCompile Include="framework\win32\inetcon_nt.cpp">
      <Filter>Source Files\net</Filter>
    </ClCompile>
    <ClCompile Include="framework\universal\memory.cpp">
      <Filter>Source Files\util</Filter>
    </ClCompile>
    <ClCompile Include="framework\universal\inetconx.cpp">
      <Filter>Source Files\net</Filter>
    </ClCompile>
    <ClCompile Include="framework\win32\numcon_nt.cpp">
      <Filter>Source Files\net</Filter>
    </ClCompile>
    <ClCompile Include="framework\win32\current_directory_nt.cpp">
      <Filter>Source Files\sys</Filter>
    </ClCompile>
    <ClCompile Include="framework\universal\current_directory_x.cpp">
      <Filter>Source Files\sys</Filter>
    </ClCompile>
    <ClCompile Include="framework\win32\current_process_nt.cpp">
      <Filter>Source Files\sys</Filter>
    </ClCompile>
    <ClCompile Include="framework\win32\current_thread_nt.cpp">
      <Filter>Source Files\sys</Filter>
    </ClCompile>
    <ClCompile Include="framework\universal\path.cpp">
      <Filter>Source Files\sys</Filter>
    </ClCompile>
    <ClCompile Include="framework\universal\character.cpp">
      <Filter>Source Files\type</Filter>
    </ClCompile>
    <ClCompile Include="framework\win32\directories_nt.cpp">
      <Filter>Source Files\sys</Filter>
    </ClCompile>
    <ClCompile Include="framework\universal\socketx.cpp">
      <Filter>Source Files\net</Filter>
    </ClCompile>
    <ClCompile Include="framework\win32\process_nt.cpp">
      <Filter>Source Files\sys</Filter>
    </ClCompile>
    <ClCompile Include="framework\universal\tostringx.cpp">
      <Filter>Source Files\type</Filter>
    </ClCompile>
  </ItemGroup>
</Project>